
Microsoft Visual Studio Solution File, Format Version 12.00
# Visual Studio Version 17
VisualStudioVersion = 17.0.31903.59
MinimumVisualStudioVersion = 10.0.40219.1
Project("{2150E333-8FDC-42A3-9474-1A3956D46DE8}") = "src", "src", "{80900212-C103-48B1-8257-5782B687CCAE}"
EndProject
Project("{FAE04EC0-301F-11D3-BF4B-00C04F79EFBC}") = "Windowsyikefu.App", "src\Windowsyikefu.App\Windowsyikefu.App.csproj", "{B04EC4BC-1390-45B6-8046-D4AE45E488BA}"
EndProject
Project("{2150E333-8FDC-42A3-9474-1A3956D46DE8}") = "tests", "tests", "{41F2C331-5FC4-4210-AD68-006B6F9925BB}"
EndProject
Project("{FAE04EC0-301F-11D3-BF4B-00C04F79EFBC}") = "Windowsyikefu.Tests", "tests\Windowsyikefu.Tests\Windowsyikefu.Tests.csproj", "{66F7C436-BCBB-4275-964F-A88B8A10B586}"
EndProject
Global
	GlobalSection(SolutionConfigurationPlatforms) = preSolution
		Debug|Any CPU = Debug|Any CPU
		Release|Any CPU = Release|Any CPU
	EndGlobalSection
	GlobalSection(SolutionProperties) = preSolution
		HideSolutionNode = FALSE
	EndGlobalSection
	GlobalSection(ProjectConfigurationPlatforms) = postSolution
		{B04EC4BC-1390-45B6-8046-D4AE45E488BA}.Debug|Any CPU.ActiveCfg = Debug|x64
		{B04EC4BC-1390-45B6-8046-D4AE45E488BA}.Debug|Any CPU.Build.0 = Debug|x64
		{B04EC4BC-1390-45B6-8046-D4AE45E488BA}.Release|Any CPU.ActiveCfg = Release|x64
		{B04EC4BC-1390-45B6-8046-D4AE45E488BA}.Release|Any CPU.Build.0 = Release|x64
		{66F7C436-BCBB-4275-964F-A88B8A10B586}.Debug|Any CPU.ActiveCfg = Debug|x64
		{66F7C436-BCBB-4275-964F-A88B8A10B586}.Debug|Any CPU.Build.0 = Debug|x64
		{66F7C436-BCBB-4275-964F-A88B8A10B586}.Release|Any CPU.ActiveCfg = Release|x64
		{66F7C436-BCBB-4275-964F-A88B8A10B586}.Release|Any CPU.Build.0 = Release|x64
	EndGlobalSection
	GlobalSection(NestedProjects) = preSolution
		{B04EC4BC-1390-45B6-8046-D4AE45E488BA} = {80900212-C103-48B1-8257-5782B687CCAE}
		{66F7C436-BCBB-4275-964F-A88B8A10B586} = {41F2C331-5FC4-4210-AD68-006B6F9925BB}
	EndGlobalSection
EndGlobal
